
Microsoft Visual Studio Solution File, Format Version 12.00
# Visual Studio Version 16
VisualStudioVersion = 16.0.30611.23
MinimumVisualStudioVersion = 10.0.40219.1
Project("{FAE04EC0-301F-11D3-BF4B-00C04F79EFBC}") = "23102020dz2", "23102020dz2.csproj", "{AC826CA2-5EEC-4573-BB5D-AB9339797FA4}"
EndProject
Global
	GlobalSection(SolutionConfigurationPlatforms) = preSolution
		Debug|Any CPU = Debug|Any CPU
		Release|Any CPU = Release|Any CPU
	EndGlobalSection
	GlobalSection(ProjectConfigurationPlatforms) = postSolution
		{AC826CA2-5EEC-4573-BB5D-AB9339797FA4}.Debug|Any CPU.ActiveCfg = Debug|Any CPU
		{AC826CA2-5EEC-4573-BB5D-AB9339797FA4}.Debug|Any CPU.Build.0 = Debug|Any CPU
		{AC826CA2-5EEC-4573-BB5D-AB9339797FA4}.Release|Any CPU.ActiveCfg = Release|Any CPU
		{AC826CA2-5EEC-4573-BB5D-AB9339797FA4}.Release|Any CPU.Build.0 = Release|Any CPU
	EndGlobalSection
	GlobalSection(SolutionProperties) = preSolution
		HideSolutionNode = FALSE
	EndGlobalSection
	GlobalSection(ExtensibilityGlobals) = postSolution
		SolutionGuid = {0161012A-1F75-4C50-8912-520FB14D8D20}
	EndGlobalSection
EndGlobal
